// !$*UTF8*$!
{
	archiveVersion = 1;
	classes = {
	};
	objectVersion = 50;
	objects = {

/* Begin PBXBuildFile section */
		08019E33214A1DCB00E8FDA6 /* PhotoDetailsViewController.swift in Sources */ = {isa = PBXBuildFile; fileRef = 08019E32214A1DCB00E8FDA6 /* PhotoDetailsViewController.swift */; };
		0813CD322141F52C00B866FA /* PhotosViewController.swift in Sources */ = {isa = PBXBuildFile; fileRef = 0813CD312141F52C00B866FA /* PhotosViewController.swift */; };
		0813CD342146200A00B866FA /* PhotoCell.swift in Sources */ = {isa = PBXBuildFile; fileRef = 0813CD332146200A00B866FA /* PhotoCell.swift */; };
		089EFD762141F11300D3AE6B /* AppDelegate.swift in Sources */ = {isa = PBXBuildFile; fileRef = 089EFD752141F11300D3AE6B /* AppDelegate.swift */; };
		089EFD7B2141F11300D3AE6B /* Main.storyboard in Resources */ = {isa = PBXBuildFile; fileRef = 089EFD792141F11300D3AE6B /* Main.storyboard */; };
		089EFD7D2141F11400D3AE6B /* Assets.xcassets in Resources */ = {isa = PBXBuildFile; fileRef = 089EFD7C2141F11400D3AE6B /* Assets.xcassets */; };
		089EFD802141F11400D3AE6B /* LaunchScreen.storyboard in Resources */ = {isa = PBXBuildFile; fileRef = 089EFD7E2141F11400D3AE6B /* LaunchScreen.storyboard */; };
		089EFD8B2141F11400D3AE6B /* TumblrTests.swift in Sources */ = {isa = PBXBuildFile; fileRef = 089EFD8A2141F11400D3AE6B /* TumblrTests.swift */; };
		089EFD962141F11400D3AE6B /* TumblrUITests.swift in Sources */ = {isa = PBXBuildFile; fileRef = 089EFD952141F11400D3AE6B /* TumblrUITests.swift */; };
		4C35635F584B6EDB0074E2C0 /* Pods_Tumblr.framework in Frameworks */ = {isa = PBXBuildFile; fileRef = 23DE67B091B2A423BEBBC88B /* Pods_Tumblr.framework */; };
		B10B1825FDE76F36E07A3938 /* Pods_TumblrTests.framework in Frameworks */ = {isa = PBXBuildFile; fileRef = 10D4B99010A41606424982B1 /* Pods_TumblrTests.framework */; };
		C6203F88AE4C651E31942FBD /* Pods_TumblrUITests.framework in Frameworks */ = {isa = PBXBuildFile; fileRef = 4058CE90FB355E53FC1290A0 /* Pods_TumblrUITests.framework */; };
/* End PBXBuildFile section */

/* Begin PBXContainerItemProxy section */
		089EFD872141F11400D3AE6B /* PBXContainerItemProxy */ = {
			isa = PBXContainerItemProxy;
			containerPortal = 089EFD6A2141F11300D3AE6B /* Project object */;
			proxyType = 1;
			remoteGlobalIDString = 089EFD712141F11300D3AE6B;
			remoteInfo = Tumblr;
		};
		089EFD922141F11400D3AE6B /* PBXContainerItemProxy */ = {
			isa = PBXContainerItemProxy;
			containerPortal = 089EFD6A2141F11300D3AE6B /* Project object */;
			proxyType = 1;
			remoteGlobalIDString = 089EFD712141F11300D3AE6B;
			remoteInfo = Tumblr;
		};
/* End PBXContainerItemProxy section */

/* Begin PBXFileReference section */
		08019E32214A1DCB00E8FDA6 /* PhotoDetailsViewController.swift */ = {isa = PBXFileReference; lastKnownFileType = sourcecode.swift; path = PhotoDetailsViewController.swift; sourceTree = "<group>"; };
		0813CD312141F52C00B866FA /* PhotosViewController.swift */ = {isa = PBXFileReference; lastKnownFileType = sourcecode.swift; path = PhotosViewController.swift; sourceTree = "<group>"; };
		0813CD332146200A00B866FA /* PhotoCell.swift */ = {isa = PBXFileReference; lastKnownFileType = sourcecode.swift; path = PhotoCell.swift; sourceTree = "<group>"; };
		089EFD722141F11300D3AE6B /* Tumblr.app */ = {isa = PBXFileReference; explicitFileType = wrapper.application; includeInIndex = 0; path = Tumblr.app; sourceTree = BUILT_PRODUCTS_DIR; };
		089EFD752141F11300D3AE6B /* AppDelegate.swift */ = {isa = PBXFileReference; lastKnownFileType = sourcecode.swift; path = AppDelegate.swift; sourceTree = "<group>"; };
		089EFD7A2141F11300D3AE6B /* Base */ = {isa = PBXFileReference; lastKnownFileType = file.storyboard; name = Base; path = Base.lproj/Main.storyboard; sourceTree = "<group>"; };
		089EFD7C2141F11400D3AE6B /* Assets.xcassets */ = {isa = PBXFileReference; lastKnownFileType = folder.assetcatalog; path = Assets.xcassets; sourceTree = "<group>"; };
		089EFD7F2141F11400D3AE6B /* Base */ = {isa = PBXFileReference; lastKnownFileType = file.storyboard; name = Base; path = Base.lproj/LaunchScreen.storyboard; sourceTree = "<group>"; };
		089EFD812141F11400D3AE6B /* Info.plist */ = {isa = PBXFileReference; lastKnownFileType = text.plist.xml; path = Info.plist; sourceTree = "<group>"; };
		089EFD862141F11400D3AE6B /* TumblrTests.xctest */ = {isa = PBXFileReference; explicitFileType = wrapper.cfbundle; includeInIndex = 0; path = TumblrTests.xctest; sourceTree = BUILT_PRODUCTS_DIR; };
		089EFD8A2141F11400D3AE6B /* TumblrTests.swift */ = {isa = PBXFileReference; lastKnownFileType = sourcecode.swift; path = TumblrTests.swift; sourceTree = "<group>"; };
		089EFD8C2141F11400D3AE6B /* Info.plist */ = {isa = PBXFileReference; lastKnownFileType = text.plist.xml; path = Info.plist; sourceTree = "<group>"; };
		089EFD912141F11400D3AE6B /* TumblrUITests.xctest */ = {isa = PBXFileReference; explicitFileType = wrapper.cfbundle; includeInIndex = 0; path = TumblrUITests.xctest; sourceTree = BUILT_PRODUCTS_DIR; };
		089EFD952141F11400D3AE6B /* TumblrUITests.swift */ = {isa = PBXFileReference; lastKnownFileType = sourcecode.swift; path = TumblrUITests.swift; sourceTree = "<group>"; };
		089EFD972141F11400D3AE6B /* Info.plist */ = {isa = PBXFileReference; lastKnownFileType = text.plist.xml; path = Info.plist; sourceTree = "<group>"; };
		10D4B99010A41606424982B1 /* Pods_TumblrTests.framework */ = {isa = PBXFileReference; explicitFileType = wrapper.framework; includeInIndex = 0; path = Pods_TumblrTests.framework; sourceTree = BUILT_PRODUCTS_DIR; };
		23DE67B091B2A423BEBBC88B /* Pods_Tumblr.framework */ = {isa = PBXFileReference; explicitFileType = wrapper.framework; includeInIndex = 0; path = Pods_Tumblr.framework; sourceTree = BUILT_PRODUCTS_DIR; };
		3C16DA8FCB695463A930E9BF /* Pods-TumblrUITests.release.xcconfig */ = {isa = PBXFileReference; includeInIndex = 1; lastKnownFileType = text.xcconfig; name = "Pods-TumblrUITests.release.xcconfig"; path = "Target Support Files/Pods-TumblrUITests/Pods-TumblrUITests.release.xcconfig"; sourceTree = "<group>"; };
		4058CE90FB355E53FC1290A0 /* Pods_TumblrUITests.framework */ = {isa = PBXFileReference; explicitFileType = wrapper.framework; includeInIndex = 0; path = Pods_TumblrUITests.framework; sourceTree = BUILT_PRODUCTS_DIR; };
		52847301C84979E24E82019F /* Pods-TumblrUITests.debug.xcconfig */ = {isa = PBXFileReference; includeInIndex = 1; lastKnownFileType = text.xcconfig; name = "Pods-TumblrUITests.debug.xcconfig"; path = "Target Support Files/Pods-TumblrUITests/Pods-TumblrUITests.debug.xcconfig"; sourceTree = "<group>"; };
		B23259AEE5414ACC5B01038E /* Pods-TumblrTests.debug.xcconfig */ = {isa = PBXFileReference; includeInIndex = 1; lastKnownFileType = text.xcconfig; name = "Pods-TumblrTests.debug.xcconfig"; path = "Target Support Files/Pods-TumblrTests/Pods-TumblrTests.debug.xcconfig"; sourceTree = "<group>"; };
		CC91A88260892F8E096FB7DC /* Pods-TumblrTests.release.xcconfig */ = {isa = PBXFileReference; includeInIndex = 1; lastKnownFileType = text.xcconfig; name = "Pods-TumblrTests.release.xcconfig"; path = "Target Support Files/Pods-TumblrTests/Pods-TumblrTests.release.xcconfig"; sourceTree = "<group>"; };
		D8AC3D6050474D3F51817FAB /* Pods-Tumblr.release.xcconfig */ = {isa = PBXFileReference; includeInIndex = 1; lastKnownFileType = text.xcconfig; name = "Pods-Tumblr.release.xcconfig"; path = "Target Support Files/Pods-Tumblr/Pods-Tumblr.release.xcconfig"; sourceTree = "<group>"; };
		E284C50A17F331EAD912B9AC /* Pods-Tumblr.debug.xcconfig */ = {isa = PBXFileReference; includeInIndex = 1; lastKnownFileType = text.xcconfig; name = "Pods-Tumblr.debug.xcconfig"; path = "Target Support Files/Pods-Tumblr/Pods-Tumblr.debug.xcconfig"; sourceTree = "<group>"; };
/* End PBXFileReference section */

/* Begin PBXFrameworksBuildPhase section */
		089EFD6F2141F11300D3AE6B /* Frameworks */ = {
			isa = PBXFrameworksBuildPhase;
			buildActionMask = 2147483647;
			files = (
				4C35635F584B6EDB0074E2C0 /* Pods_Tumblr.framework in Frameworks */,
			);
			runOnlyForDeploymentPostprocessing = 0;
		};
		089EFD832141F11400D3AE6B /* Frameworks */ = {
			isa = PBXFrameworksBuildPhase;
			buildActionMask = 2147483647;
			files = (
				B10B1825FDE76F36E07A3938 /* Pods_TumblrTests.framework in Frameworks */,
			);
			runOnlyForDeploymentPostprocessing = 0;
		};
		089EFD8E2141F11400D3AE6B /* Frameworks */ = {
			isa = PBXFrameworksBuildPhase;
			buildActionMask = 2147483647;
			files = (
				C6203F88AE4C651E31942FBD /* Pods_TumblrUITests.framework in Frameworks */,
			);
			runOnlyForDeploymentPostprocessing = 0;
		};
/* End PBXFrameworksBuildPhase section */

/* Begin PBXGroup section */
		089EFD692141F11300D3AE6B = {
			isa = PBXGroup;
			children = (
				089EFD742141F11300D3AE6B /* Tumblr */,
				089EFD892141F11400D3AE6B /* TumblrTests */,
				089EFD942141F11400D3AE6B /* TumblrUITests */,
				089EFD732141F11300D3AE6B /* Products */,
				5F51E7F87F7E74DF25AD22CF /* Pods */,
				900509182480702F4F7E4355 /* Frameworks */,
			);
			sourceTree = "<group>";
		};
		089EFD732141F11300D3AE6B /* Products */ = {
			isa = PBXGroup;
			children = (
				089EFD722141F11300D3AE6B /* Tumblr.app */,
				089EFD862141F11400D3AE6B /* TumblrTests.xctest */,
				089EFD912141F11400D3AE6B /* TumblrUITests.xctest */,
			);
			name = Products;
			sourceTree = "<group>";
		};
		089EFD742141F11300D3AE6B /* Tumblr */ = {
			isa = PBXGroup;
			children = (
				089EFD752141F11300D3AE6B /* AppDelegate.swift */,
				0813CD312141F52C00B866FA /* PhotosViewController.swift */,
				0813CD332146200A00B866FA /* PhotoCell.swift */,
				089EFD792141F11300D3AE6B /* Main.storyboard */,
				089EFD7C2141F11400D3AE6B /* Assets.xcassets */,
				089EFD7E2141F11400D3AE6B /* LaunchScreen.storyboard */,
				089EFD812141F11400D3AE6B /* Info.plist */,
				08019E32214A1DCB00E8FDA6 /* PhotoDetailsViewController.swift */,
			);
			path = Tumblr;
			sourceTree = "<group>";
		};
		089EFD892141F11400D3AE6B /* TumblrTests */ = {
			isa = PBXGroup;
			children = (
				089EFD8A2141F11400D3AE6B /* TumblrTests.swift */,
				089EFD8C2141F11400D3AE6B /* Info.plist */,
			);
			path = TumblrTests;
			sourceTree = "<group>";
		};
		089EFD942141F11400D3AE6B /* TumblrUITests */ = {
			isa = PBXGroup;
			children = (
				089EFD952141F11400D3AE6B /* TumblrUITests.swift */,
				089EFD972141F11400D3AE6B /* Info.plist */,
			);
			path = TumblrUITests;
			sourceTree = "<group>";
		};
		5F51E7F87F7E74DF25AD22CF /* Pods */ = {
			isa = PBXGroup;
			children = (
				E284C50A17F331EAD912B9AC /* Pods-Tumblr.debug.xcconfig */,
				D8AC3D6050474D3F51817FAB /* Pods-Tumblr.release.xcconfig */,
				B23259AEE5414ACC5B01038E /* Pods-TumblrTests.debug.xcconfig */,
				CC91A88260892F8E096FB7DC /* Pods-TumblrTests.release.xcconfig */,
				52847301C84979E24E82019F /* Pods-TumblrUITests.debug.xcconfig */,
				3C16DA8FCB695463A930E9BF /* Pods-TumblrUITests.release.xcconfig */,
			);
			path = Pods;
			sourceTree = "<group>";
		};
		900509182480702F4F7E4355 /* Frameworks */ = {
			isa = PBXGroup;
			children = (
				23DE67B091B2A423BEBBC88B /* Pods_Tumblr.framework */,
				10D4B99010A41606424982B1 /* Pods_TumblrTests.framework */,
				4058CE90FB355E53FC1290A0 /* Pods_TumblrUITests.framework */,
			);
			name = Frameworks;
			sourceTree = "<group>";
		};
/* End PBXGroup section */

/* Begin PBXNativeTarget section */
		089EFD712141F11300D3AE6B /* Tumblr */ = {
			isa = PBXNativeTarget;
			buildConfigurationList = 089EFD9A2141F11400D3AE6B /* Build configuration list for PBXNativeTarget "Tumblr" */;
			buildPhases = (
				D3EA06D470E5A0E3CDA36BDF /* [CP] Check Pods Manifest.lock */,
				089EFD6E2141F11300D3AE6B /* Sources */,
				089EFD6F2141F11300D3AE6B /* Frameworks */,
				089EFD702141F11300D3AE6B /* Resources */,
				9A79B730971259310F9FA98A /* [CP] Embed Pods Frameworks */,
			);
			buildRules = (
			);
			dependencies = (
			);
			name = Tumblr;
			productName = Tumblr;
			productReference = 089EFD722141F11300D3AE6B /* Tumblr.app */;
			productType = "com.apple.product-type.application";
		};
		089EFD852141F11400D3AE6B /* TumblrTests */ = {
			isa = PBXNativeTarget;
			buildConfigurationList = 089EFD9D2141F11400D3AE6B /* Build configuration list for PBXNativeTarget "TumblrTests" */;
			buildPhases = (
				695260FC8C6DE03E65F6671D /* [CP] Check Pods Manifest.lock */,
				089EFD822141F11400D3AE6B /* Sources */,
				089EFD832141F11400D3AE6B /* Frameworks */,
				089EFD842141F11400D3AE6B /* Resources */,
			);
			buildRules = (
			);
			dependencies = (
				089EFD882141F11400D3AE6B /* PBXTargetDependency */,
			);
			name = TumblrTests;
			productName = TumblrTests;
			productReference = 089EFD862141F11400D3AE6B /* TumblrTests.xctest */;
			productType = "com.apple.product-type.bundle.unit-test";
		};
		089EFD902141F11400D3AE6B /* TumblrUITests */ = {
			isa = PBXNativeTarget;
			buildConfigurationList = 089EFDA02141F11400D3AE6B /* Build configuration list for PBXNativeTarget "TumblrUITests" */;
			buildPhases = (
				9DD429798D8DF8EE0F4A5CCC /* [CP] Check Pods Manifest.lock */,
				089EFD8D2141F11400D3AE6B /* Sources */,
				089EFD8E2141F11400D3AE6B /* Frameworks */,
				089EFD8F2141F11400D3AE6B /* Resources */,
			);
			buildRules = (
			);
			dependencies = (
				089EFD932141F11400D3AE6B /* PBXTargetDependency */,
			);
			name = TumblrUITests;
			productName = TumblrUITests;
			productReference = 089EFD912141F11400D3AE6B /* TumblrUITests.xctest */;
			productType = "com.apple.product-type.bundle.ui-testing";
		};
/* End PBXNativeTarget section */

/* Begin PBXProject section */
		089EFD6A2141F11300D3AE6B /* Project object */ = {
			isa = PBXProject;
			attributes = {
				LastSwiftUpdateCheck = 0940;
				LastUpgradeCheck = 0940;
				ORGANIZATIONNAME = "Pann Cherry";
				TargetAttributes = {
					089EFD712141F11300D3AE6B = {
						CreatedOnToolsVersion = 9.4.1;
					};
					089EFD852141F11400D3AE6B = {
						CreatedOnToolsVersion = 9.4.1;
						TestTargetID = 089EFD712141F11300D3AE6B;
					};
					089EFD902141F11400D3AE6B = {
						CreatedOnToolsVersion = 9.4.1;
						TestTargetID = 089EFD712141F11300D3AE6B;
					};
				};
			};
			buildConfigurationList = 089EFD6D2141F11300D3AE6B /* Build configuration list for PBXProject "Tumblr" */;
			compatibilityVersion = "Xcode 9.3";
			developmentRegion = en;
			hasScannedForEncodings = 0;
			knownRegions = (
				en,
				Base,
			);
			mainGroup = 089EFD692141F11300D3AE6B;
			productRefGroup = 089EFD732141F11300D3AE6B /* Products */;
			projectDirPath = "";
			projectRoot = "";
			targets = (
				089EFD712141F11300D3AE6B /* Tumblr */,
				089EFD852141F11400D3AE6B /* TumblrTests */,
				089EFD902141F11400D3AE6B /* TumblrUITests */,
			);
		};
/* End PBXProject section */

/* Begin PBXResourcesBuildPhase section */
		089EFD702141F11300D3AE6B /* Resources */ = {
			isa = PBXResourcesBuildPhase;
			buildActionMask = 2147483647;
			files = (
				089EFD802141F11400D3AE6B /* LaunchScreen.storyboard in Resources */,
				089EFD7D2141F11400D3AE6B /* Assets.xcassets in Resources */,
				089EFD7B2141F11300D3AE6B /* Main.storyboard in Resources */,
			);
			runOnlyForDeploymentPostprocessing = 0;
		};
		089EFD842141F11400D3AE6B /* Resources */ = {
			isa = PBXResourcesBuildPhase;
			buildActionMask = 2147483647;
			files = (
			);
			runOnlyForDeploymentPostprocessing = 0;
		};
		089EFD8F2141F11400D3AE6B /* Resources */ = {
			isa = PBXResourcesBuildPhase;
			buildActionMask = 2147483647;
			files = (
			);
			runOnlyForDeploymentPostprocessing = 0;
		};
/* End PBXResourcesBuildPhase section */

/* Begin PBXShellScriptBuildPhase section */
		695260FC8C6DE03E65F6671D /* [CP] Check Pods Manifest.lock */ = {
			isa = PBXShellScriptBuildPhase;
			buildActionMask = 2147483647;
			files = (
			);
			inputPaths = (
				"${PODS_PODFILE_DIR_PATH}/Podfile.lock",
				"${PODS_ROOT}/Manifest.lock",
			);
			name = "[CP] Check Pods Manifest.lock";
			outputPaths = (
				"$(DERIVED_FILE_DIR)/Pods-TumblrTests-checkManifestLockResult.txt",
			);
			runOnlyForDeploymentPostprocessing = 0;
			shellPath = /bin/sh;
			shellScript = "diff \"${PODS_PODFILE_DIR_PATH}/Podfile.lock\" \"${PODS_ROOT}/Manifest.lock\" > /dev/null\nif [ $? != 0 ] ; then\n    # print error to STDERR\n    echo \"error: The sandbox is not in sync with the Podfile.lock. Run 'pod install' or update your CocoaPods installation.\" >&2\n    exit 1\nfi\n# This output is used by Xcode 'outputs' to avoid re-running this script phase.\necho \"SUCCESS\" > \"${SCRIPT_OUTPUT_FILE_0}\"\n";
			showEnvVarsInLog = 0;
		};
		9A79B730971259310F9FA98A /* [CP] Embed Pods Frameworks */ = {
			isa = PBXShellScriptBuildPhase;
			buildActionMask = 2147483647;
			files = (
			);
			inputPaths = (
				"${PODS_ROOT}/Target Support Files/Pods-Tumblr/Pods-Tumblr-frameworks.sh",
				"${BUILT_PRODUCTS_DIR}/Alamofire/Alamofire.framework",
				"${BUILT_PRODUCTS_DIR}/AlamofireImage/AlamofireImage.framework",
			);
			name = "[CP] Embed Pods Frameworks";
			outputPaths = (
				"${TARGET_BUILD_DIR}/${FRAMEWORKS_FOLDER_PATH}/Alamofire.framework",
				"${TARGET_BUILD_DIR}/${FRAMEWORKS_FOLDER_PATH}/AlamofireImage.framework",
			);
			runOnlyForDeploymentPostprocessing = 0;
			shellPath = /bin/sh;
			shellScript = "\"${PODS_ROOT}/Target Support Files/Pods-Tumblr/Pods-Tumblr-frameworks.sh\"\n";
			showEnvVarsInLog = 0;
		};
		9DD429798D8DF8EE0F4A5CCC /* [CP] Check Pods Manifest.lock */ = {
			isa = PBXShellScriptBuildPhase;
			buildActionMask = 2147483647;
			files = (
			);
			inputPaths = (
				"${PODS_PODFILE_DIR_PATH}/Podfile.lock",
				"${PODS_ROOT}/Manifest.lock",
			);
			name = "[CP] Check Pods Manifest.lock";
			outputPaths = (
				"$(DERIVED_FILE_DIR)/Pods-TumblrUITests-checkManifestLockResult.txt",
			);
			runOnlyForDeploymentPostprocessing = 0;
			shellPath = /bin/sh;
			shellScript = "diff \"${PODS_PODFILE_DIR_PATH}/Podfile.lock\" \"${PODS_ROOT}/Manifest.lock\" > /dev/null\nif [ $? != 0 ] ; then\n    # print error to STDERR\n    echo \"error: The sandbox is not in sync with the Podfile.lock. Run 'pod install' or update your CocoaPods installation.\" >&2\n    exit 1\nfi\n# This output is used by Xcode 'outputs' to avoid re-running this script phase.\necho \"SUCCESS\" > \"${SCRIPT_OUTPUT_FILE_0}\"\n";
			showEnvVarsInLog = 0;
		};
		D3EA06D470E5A0E3CDA36BDF /* [CP] Check Pods Manifest.lock */ = {
			isa = PBXShellScriptBuildPhase;
			buildActionMask = 2147483647;
			files = (
			);
			inputPaths = (
				"${PODS_PODFILE_DIR_PATH}/Podfile.lock",
				"${PODS_ROOT}/Manifest.lock",
			);
			name = "[CP] Check Pods Manifest.lock";
			outputPaths = (
				"$(DERIVED_FILE_DIR)/Pods-Tumblr-checkManifestLockResult.txt",
			);
			runOnlyForDeploymentPostprocessing = 0;
			shellPath = /bin/sh;
			shellScript = "diff \"${PODS_PODFILE_DIR_PATH}/Podfile.lock\" \"${PODS_ROOT}/Manifest.lock\" > /dev/null\nif [ $? != 0 ] ; then\n    # print error to STDERR\n    echo \"error: The sandbox is not in sync with the Podfile.lock. Run 'pod install' or update your CocoaPods installation.\" >&2\n    exit 1\nfi\n# This output is used by Xcode 'outputs' to avoid re-running this script phase.\necho \"SUCCESS\" > \"${SCRIPT_OUTPUT_FILE_0}\"\n";
			showEnvVarsInLog = 0;
		};
/* End PBXShellScriptBuildPhase section */

/* Begin PBXSourcesBuildPhase section */
		089EFD6E2141F11300D3AE6B /* Sources */ = {
			isa = PBXSourcesBuildPhase;
			buildActionMask = 2147483647;
			files = (
				08019E33214A1DCB00E8FDA6 /* PhotoDetailsViewController.swift in Sources */,
				089EFD762141F11300D3AE6B /* AppDelegate.swift in Sources */,
				0813CD342146200A00B866FA /* PhotoCell.swift in Sources */,
				0813CD322141F52C00B866FA /* PhotosViewController.swift in Sources */,
			);
			runOnlyForDeploymentPostprocessing = 0;
		};
		089EFD822141F11400D3AE6B /* Sources */ = {
			isa = PBXSourcesBuildPhase;
			buildActionMask = 2147483647;
			files = (
				089EFD8B2141F11400D3AE6B /* TumblrTests.swift in Sources */,
			);
			runOnlyForDeploymentPostprocessing = 0;
		};
		089EFD8D2141F11400D3AE6B /* Sources */ = {
			isa = PBXSourcesBuildPhase;
			buildActionMask = 2147483647;
			files = (
				089EFD962141F11400D3AE6B /* TumblrUITests.swift in Sources */,
			);
			runOnlyForDeploymentPostprocessing = 0;
		};
/* End PBXSourcesBuildPhase section */

/* Begin PBXTargetDependency section */
		089EFD882141F11400D3AE6B /* PBXTargetDependency */ = {
			isa = PBXTargetDependency;
			target = 089EFD712141F11300D3AE6B /* Tumblr */;
			targetProxy = 089EFD872141F11400D3AE6B /* PBXContainerItemProxy */;
		};
		089EFD932141F11400D3AE6B /* PBXTargetDependency */ = {
			isa = PBXTargetDependency;
			target = 089EFD712141F11300D3AE6B /* Tumblr */;
			targetProxy = 089EFD922141F11400D3AE6B /* PBXContainerItemProxy */;
		};
/* End PBXTargetDependency section */

/* Begin PBXVariantGroup section */
		089EFD792141F11300D3AE6B /* Main.storyboard */ = {
			isa = PBXVariantGroup;
			children = (
				089EFD7A2141F11300D3AE6B /* Base */,
			);
			name = Main.storyboard;
			sourceTree = "<group>";
		};
		089EFD7E2141F11400D3AE6B /* LaunchScreen.storyboard */ = {
			isa = PBXVariantGroup;
			children = (
				089EFD7F2141F11400D3AE6B /* Base */,
			);
			name = LaunchScreen.storyboard;
			sourceTree = "<group>";
		};
/* End PBXVariantGroup section */

/* Begin XCBuildConfiguration section */
		089EFD982141F11400D3AE6B /* Debug */ = {
			isa = XCBuildConfiguration;
			buildSettings = {
				ALWAYS_SEARCH_USER_PATHS = NO;
				CLANG_ANALYZER_NONNULL = YES;
				CLANG_ANALYZER_NUMBER_OBJECT_CONVERSION = YES_AGGRESSIVE;
				CLANG_CXX_LANGUAGE_STANDARD = "gnu++14";
				CLANG_CXX_LIBRARY = "libc++";
				CLANG_ENABLE_MODULES = YES;
				CLANG_ENABLE_OBJC_ARC = YES;
				CLANG_ENABLE_OBJC_WEAK = YES;
				CLANG_WARN_BLOCK_CAPTURE_AUTORELEASING = YES;
				CLANG_WARN_BOOL_CONVERSION = YES;
				CLANG_WARN_COMMA = YES;
				CLANG_WARN_CONSTANT_CONVERSION = YES;
				CLANG_WARN_DEPRECATED_OBJC_IMPLEMENTATIONS = YES;
				CLANG_WARN_DIRECT_OBJC_ISA_USAGE = YES_ERROR;
				CLANG_WARN_DOCUMENTATION_COMMENTS = YES;
				CLANG_WARN_EMPTY_BODY = YES;
				CLANG_WARN_ENUM_CONVERSION = YES;
				CLANG_WARN_INFINITE_RECURSION = YES;
				CLANG_WARN_INT_CONVERSION = YES;
				CLANG_WARN_NON_LITERAL_NULL_CONVERSION = YES;
				CLANG_WARN_OBJC_IMPLICIT_RETAIN_SELF = YES;
				CLANG_WARN_OBJC_LITERAL_CONVERSION = YES;
				CLANG_WARN_OBJC_ROOT_CLASS = YES_ERROR;
				CLANG_WARN_RANGE_LOOP_ANALYSIS = YES;
				CLANG_WARN_STRICT_PROTOTYPES = YES;
				CLANG_WARN_SUSPICIOUS_MOVE = YES;
				CLANG_WARN_UNGUARDED_AVAILABILITY = YES_AGGRESSIVE;
				CLANG_WARN_UNREACHABLE_CODE = YES;
				CLANG_WARN__DUPLICATE_METHOD_MATCH = YES;
				CODE_SIGN_IDENTITY = "iPhone Developer";
				COPY_PHASE_STRIP = NO;
				DEBUG_INFORMATION_FORMAT = dwarf;
				ENABLE_STRICT_OBJC_MSGSEND = YES;
				ENABLE_TESTABILITY = YES;
				GCC_C_LANGUAGE_STANDARD = gnu11;
				GCC_DYNAMIC_NO_PIC = NO;
				GCC_NO_COMMON_BLOCKS = YES;
				GCC_OPTIMIZATION_LEVEL = 0;
				GCC_PREPROCESSOR_DEFINITIONS = (
					"DEBUG=1",
					"$(inherited)",
				);
				GCC_WARN_64_TO_32_BIT_CONVERSION = YES;
				GCC_WARN_ABOUT_RETURN_TYPE = YES_ERROR;
				GCC_WARN_UNDECLARED_SELECTOR = YES;
				GCC_WARN_UNINITIALIZED_AUTOS = YES_AGGRESSIVE;
				GCC_WARN_UNUSED_FUNCTION = YES;
				GCC_WARN_UNUSED_VARIABLE = YES;
				IPHONEOS_DEPLOYMENT_TARGET = 11.4;
				MTL_ENABLE_DEBUG_INFO = YES;
				ONLY_ACTIVE_ARCH = YES;
				SDKROOT = iphoneos;
				SWIFT_ACTIVE_COMPILATION_CONDITIONS = DEBUG;
				SWIFT_OPTIMIZATION_LEVEL = "-Onone";
			};
			name = Debug;
		};
		089EFD992141F11400D3AE6B /* Release */ = {
			isa = XCBuildConfiguration;
			buildSettings = {
				ALWAYS_SEARCH_USER_PATHS = NO;
				CLANG_ANALYZER_NONNULL = YES;
				CLANG_ANALYZER_NUMBER_OBJECT_CONVERSION = YES_AGGRESSIVE;
				CLANG_CXX_LANGUAGE_STANDARD = "gnu++14";
				CLANG_CXX_LIBRARY = "libc++";
				CLANG_ENABLE_MODULES = YES;
				CLANG_ENABLE_OBJC_ARC = YES;
				CLANG_ENABLE_OBJC_WEAK = YES;
				CLANG_WARN_BLOCK_CAPTURE_AUTORELEASING = YES;
				CLANG_WARN_BOOL_CONVERSION = YES;
				CLANG_WARN_COMMA = YES;
				CLANG_WARN_CONSTANT_CONVERSION = YES;
				CLANG_WARN_DEPRECATED_OBJC_IMPLEMENTATIONS = YES;
				CLANG_WARN_DIRECT_OBJC_ISA_USAGE = YES_ERROR;
				CLANG_WARN_DOCUMENTATION_COMMENTS = YES;
				CLANG_WARN_EMPTY_BODY = YES;
				CLANG_WARN_ENUM_CONVERSION = YES;
				CLANG_WARN_INFINITE_RECURSION = YES;
				CLANG_WARN_INT_CONVERSION = YES;
				CLANG_WARN_NON_LITERAL_NULL_CONVERSION = YES;
				CLANG_WARN_OBJC_IMPLICIT_RETAIN_SELF = YES;
				CLANG_WARN_OBJC_LITERAL_CONVERSION = YES;
				CLANG_WARN_OBJC_ROOT_CLASS = YES_ERROR;
				CLANG_WARN_RANGE_LOOP_ANALYSIS = YES;
				CLANG_WARN_STRICT_PROTOTYPES = YES;
				CLANG_WARN_SUSPICIOUS_MOVE = YES;
				CLANG_WARN_UNGUARDED_AVAILABILITY = YES_AGGRESSIVE;
				CLANG_WARN_UNREACHABLE_CODE = YES;
				CLANG_WARN__DUPLICATE_METHOD_MATCH = YES;
				CODE_SIGN_IDENTITY = "iPhone Developer";
				COPY_PHASE_STRIP = NO;
				DEBUG_INFORMATION_FORMAT = "dwarf-with-dsym";
				ENABLE_NS_ASSERTIONS = NO;
				ENABLE_STRICT_OBJC_MSGSEND = YES;
				GCC_C_LANGUAGE_STANDARD = gnu11;
				GCC_NO_COMMON_BLOCKS = YES;
				GCC_WARN_64_TO_32_BIT_CONVERSION = YES;
				GCC_WARN_ABOUT_RETURN_TYPE = YES_ERROR;
				GCC_WARN_UNDECLARED_SELECTOR = YES;
				GCC_WARN_UNINITIALIZED_AUTOS = YES_AGGRESSIVE;
				GCC_WARN_UNUSED_FUNCTION = YES;
				GCC_WARN_UNUSED_VARIABLE = YES;
				IPHONEOS_DEPLOYMENT_TARGET = 11.4;
				MTL_ENABLE_DEBUG_INFO = NO;
				SDKROOT = iphoneos;
				SWIFT_COMPILATION_MODE = wholemodule;
				SWIFT_OPTIMIZATION_LEVEL = "-O";
				VALIDATE_PRODUCT = YES;
			};
			name = Release;
		};
		089EFD9B2141F11400D3AE6B /* Debug */ = {
			isa = XCBuildConfiguration;
			baseConfigurationReference = E284C50A17F331EAD912B9AC /* Pods-Tumblr.debug.xcconfig */;
			buildSettings = {
				ASSETCATALOG_COMPILER_APPICON_NAME = AppIcon;
				CODE_SIGN_STYLE = Automatic;
				DEVELOPMENT_TEAM = 5D7WA4DHD4;
				INFOPLIST_FILE = Tumblr/Info.plist;
				LD_RUNPATH_SEARCH_PATHS = (
					"$(inherited)",
					"@executable_path/Frameworks",
				);
				PRODUCT_BUNDLE_IDENTIFIER = RnR.Tumblr;
				PRODUCT_NAME = "$(TARGET_NAME)";
				SWIFT_VERSION = 4.0;
				TARGETED_DEVICE_FAMILY = "1,2";
			};
			name = Debug;
		};
		089EFD9C2141F11400D3AE6B /* Release */ = {
			isa = XCBuildConfiguration;
			baseConfigurationReference = D8AC3D6050474D3F51817FAB /* Pods-Tumblr.release.xcconfig */;
			buildSettings = {
				ASSETCATALOG_COMPILER_APPICON_NAME = AppIcon;
				CODE_SIGN_STYLE = Automatic;
				DEVELOPMENT_TEAM = 5D7WA4DHD4;
				INFOPLIST_FILE = Tumblr/Info.plist;
				LD_RUNPATH_SEARCH_PATHS = (
					"$(inherited)",
					"@executable_path/Frameworks",
				);
				PRODUCT_BUNDLE_IDENTIFIER = RnR.Tumblr;
				PRODUCT_NAME = "$(TARGET_NAME)";
				SWIFT_VERSION = 4.0;
				TARGETED_DEVICE_FAMILY = "1,2";
			};
			name = Release;
		};
		089EFD9E2141F11400D3AE6B /* Debug */ = {
			isa = XCBuildConfiguration;
			baseConfigurationReference = B23259AEE5414ACC5B01038E /* Pods-TumblrTests.debug.xcconfig */;
			buildSettings = {
				ALWAYS_EMBED_SWIFT_STANDARD_LIBRARIES = YES;
				BUNDLE_LOADER = "$(TEST_HOST)";
				CODE_SIGN_STYLE = Automatic;
				DEVELOPMENT_TEAM = 5D7WA4DHD4;
				INFOPLIST_FILE = TumblrTests/Info.plist;
				LD_RUNPATH_SEARCH_PATHS = (
					"$(inherited)",
					"@executable_path/Frameworks",
					"@loader_path/Frameworks",
				);
				PRODUCT_BUNDLE_IDENTIFIER = RnR.TumblrTests;
				PRODUCT_NAME = "$(TARGET_NAME)";
				SWIFT_VERSION = 4.0;
				TARGETED_DEVICE_FAMILY = "1,2";
				TEST_HOST = "$(BUILT_PRODUCTS_DIR)/Tumblr.app/Tumblr";
			};
			name = Debug;
		};
		089EFD9F2141F11400D3AE6B /* Release */ = {
			isa = XCBuildConfiguration;
			baseConfigurationReference = CC91A88260892F8E096FB7DC /* Pods-TumblrTests.release.xcconfig */;
			buildSettings = {
				ALWAYS_EMBED_SWIFT_STANDARD_LIBRARIES = YES;
				BUNDLE_LOADER = "$(TEST_HOST)";
				CODE_SIGN_STYLE = Automatic;
				DEVELOPMENT_TEAM = 5D7WA4DHD4;
				INFOPLIST_FILE = TumblrTests/Info.plist;
				LD_RUNPATH_SEARCH_PATHS = (
					"$(inherited)",
					"@executable_path/Frameworks",
					"@loader_path/Frameworks",
				);
				PRODUCT_BUNDLE_IDENTIFIER = RnR.TumblrTests;
				PRODUCT_NAME = "$(TARGET_NAME)";
				SWIFT_VERSION = 4.0;
				TARGETED_DEVICE_FAMILY = "1,2";
				TEST_HOST = "$(BUILT_PRODUCTS_DIR)/Tumblr.app/Tumblr";
			};
			name = Release;
		};
		089EFDA12141F11400D3AE6B /* Debug */ = {
			isa = XCBuildConfiguration;
			baseConfigurationReference = 52847301C84979E24E82019F /* Pods-TumblrUITests.debug.xcconfig */;
			buildSettings = {
				ALWAYS_EMBED_SWIFT_STANDARD_LIBRARIES = YES;
				CODE_SIGN_STYLE = Automatic;
				DEVELOPMENT_TEAM = 5D7WA4DHD4;
				INFOPLIST_FILE = TumblrUITests/Info.plist;
				LD_RUNPATH_SEARCH_PATHS = (
					"$(inherited)",
					"@executable_path/Frameworks",
					"@loader_path/Frameworks",
				);
				PRODUCT_BUNDLE_IDENTIFIER = RnR.TumblrUITests;
				PRODUCT_NAME = "$(TARGET_NAME)";
				SWIFT_VERSION = 4.0;
				TARGETED_DEVICE_FAMILY = "1,2";
				TEST_TARGET_NAME = Tumblr;
			};
			name = Debug;
		};
		089EFDA22141F11400D3AE6B /* Release */ = {
			isa = XCBuildConfiguration;
			baseConfigurationReference = 3C16DA8FCB695463A930E9BF /* Pods-TumblrUITests.release.xcconfig */;
			buildSettings = {
				ALWAYS_EMBED_SWIFT_STANDARD_LIBRARIES = YES;
				CODE_SIGN_STYLE = Automatic;
				DEVELOPMENT_TEAM = 5D7WA4DHD4;
				INFOPLIST_FILE = TumblrUITests/Info.plist;
				LD_RUNPATH_SEARCH_PATHS = (
					"$(inherited)",
					"@executable_path/Frameworks",
					"@loader_path/Frameworks",
				);
				PRODUCT_BUNDLE_IDENTIFIER = RnR.TumblrUITests;
				PRODUCT_NAME = "$(TARGET_NAME)";
				SWIFT_VERSION = 4.0;
				TARGETED_DEVICE_FAMILY = "1,2";
				TEST_TARGET_NAME = Tumblr;
			};
			name = Release;
		};
/* End XCBuildConfiguration section */

/* Begin XCConfigurationList section */
		089EFD6D2141F11300D3AE6B /* Build configuration list for PBXProject "Tumblr" */ = {
			isa = XCConfigurationList;
			buildConfigurations = (
				089EFD982141F11400D3AE6B /* Debug */,
				089EFD992141F11400D3AE6B /* Release */,
			);
			defaultConfigurationIsVisible = 0;
			defaultConfigurationName = Release;
		};
		089EFD9A2141F11400D3AE6B /* Build configuration list for PBXNativeTarget "Tumblr" */ = {
			isa = XCConfigurationList;
			buildConfigurations = (
				089EFD9B2141F11400D3AE6B /* Debug */,
				089EFD9C2141F11400D3AE6B /* Release */,
			);
			defaultConfigurationIsVisible = 0;
			defaultConfigurationName = Release;
		};
		089EFD9D2141F11400D3AE6B /* Build configuration list for PBXNativeTarget "TumblrTests" */ = {
			isa = XCConfigurationList;
			buildConfigurations = (
				089EFD9E2141F11400D3AE6B /* Debug */,
				089EFD9F2141F11400D3AE6B /* Release */,
			);
			defaultConfigurationIsVisible = 0;
			defaultConfigurationName = Release;
		};
		089EFDA02141F11400D3AE6B /* Build configuration list for PBXNativeTarget "TumblrUITests" */ = {
			isa = XCConfigurationList;
			buildConfigurations = (
				089EFDA12141F11400D3AE6B /* Debug */,
				089EFDA22141F11400D3AE6B /* Release */,
			);
			defaultConfigurationIsVisible = 0;
			defaultConfigurationName = Release;
		};
/* End XCConfigurationList section */
	};
	rootObject = 089EFD6A2141F11300D3AE6B /* Project object */;
}
